
Microsoft Visual Studio Solution File, Format Version 12.00
# Visual Studio Version 17
VisualStudioVersion = 17.14.36025.13 d17.14
MinimumVisualStudioVersion = 10.0.40219.1
Project("{FAE04EC0-301F-11D3-BF4B-00C04F79EFBC}") = "InversionCyclesWebApp", "InversionCyclesWebApp.csproj", "{793A09CD-952A-4A5F-BEFF-A6534442F1C1}"
EndProject
Global
	GlobalSection(SolutionConfigurationPlatforms) = preSolution
		Debug|Any CPU = Debug|Any CPU
		Release|Any CPU = Release|Any CPU
	EndGlobalSection
	GlobalSection(ProjectConfigurationPlatforms) = postSolution
		{793A09CD-952A-4A5F-BEFF-A6534442F1C1}.Debug|Any CPU.ActiveCfg = Debug|Any CPU
		{793A09CD-952A-4A5F-BEFF-A6534442F1C1}.Debug|Any CPU.Build.0 = Debug|Any CPU
		{793A09CD-952A-4A5F-BEFF-A6534442F1C1}.Release|Any CPU.ActiveCfg = Release|Any CPU
		{793A09CD-952A-4A5F-BEFF-A6534442F1C1}.Release|Any CPU.Build.0 = Release|Any CPU
	EndGlobalSection
	GlobalSection(SolutionProperties) = preSolution
		HideSolutionNode = FALSE
	EndGlobalSection
	GlobalSection(ExtensibilityGlobals) = postSolution
		SolutionGuid = {0265C6C3-6376-48B9-9897-BFC8CB66F0D6}
	EndGlobalSection
EndGlobal
