
Microsoft Visual Studio Solution File, Format Version 12.00
# Visual Studio Version 17
VisualStudioVersion = 17.14.36025.13 d17.14
MinimumVisualStudioVersion = 10.0.40219.1
Project("{151D2E53-A2C4-4D7D-83FE-D05416EBD58E}") = "AbstergoEnvironmentTemplate", "AbstergoEnvironmentTemplate.deployproj", "{BD5B184F-2E97-4125-B2CD-F164BB48C4CC}"
EndProject
Global
	GlobalSection(SolutionConfigurationPlatforms) = preSolution
		Debug|Any CPU = Debug|Any CPU
		Release|Any CPU = Release|Any CPU
	EndGlobalSection
	GlobalSection(ProjectConfigurationPlatforms) = postSolution
		{BD5B184F-2E97-4125-B2CD-F164BB48C4CC}.Debug|Any CPU.ActiveCfg = Debug|Any CPU
		{BD5B184F-2E97-4125-B2CD-F164BB48C4CC}.Debug|Any CPU.Build.0 = Debug|Any CPU
		{BD5B184F-2E97-4125-B2CD-F164BB48C4CC}.Release|Any CPU.ActiveCfg = Release|Any CPU
		{BD5B184F-2E97-4125-B2CD-F164BB48C4CC}.Release|Any CPU.Build.0 = Release|Any CPU
	EndGlobalSection
	GlobalSection(SolutionProperties) = preSolution
		HideSolutionNode = FALSE
	EndGlobalSection
	GlobalSection(ExtensibilityGlobals) = postSolution
		SolutionGuid = {910971B8-C47C-434E-AABB-6C7199D91F47}
	EndGlobalSection
EndGlobal
