
Microsoft Visual Studio Solution File, Format Version 12.00
# Visual Studio Version 17
VisualStudioVersion = 17.14.36025.13 d17.14
MinimumVisualStudioVersion = 10.0.40219.1
Project("{FAE04EC0-301F-11D3-BF4B-00C04F79EFBC}") = "SatorAssignment", "SatorAssignment.csproj", "{782B9487-11F0-4CB7-9B83-252BC272BF89}"
EndProject
Global
	GlobalSection(SolutionConfigurationPlatforms) = preSolution
		Debug|Any CPU = Debug|Any CPU
		Release|Any CPU = Release|Any CPU
	EndGlobalSection
	GlobalSection(ProjectConfigurationPlatforms) = postSolution
		{782B9487-11F0-4CB7-9B83-252BC272BF89}.Debug|Any CPU.ActiveCfg = Debug|Any CPU
		{782B9487-11F0-4CB7-9B83-252BC272BF89}.Debug|Any CPU.Build.0 = Debug|Any CPU
		{782B9487-11F0-4CB7-9B83-252BC272BF89}.Release|Any CPU.ActiveCfg = Release|Any CPU
		{782B9487-11F0-4CB7-9B83-252BC272BF89}.Release|Any CPU.Build.0 = Release|Any CPU
	EndGlobalSection
	GlobalSection(SolutionProperties) = preSolution
		HideSolutionNode = FALSE
	EndGlobalSection
	GlobalSection(ExtensibilityGlobals) = postSolution
		SolutionGuid = {3FFC3B61-E8C5-47C0-959B-4B3002CD4F39}
	EndGlobalSection
EndGlobal
