
Microsoft Visual Studio Solution File, Format Version 12.00
# Visual Studio Version 17
VisualStudioVersion = 17.14.36025.13 d17.14
MinimumVisualStudioVersion = 10.0.40219.1
Project("{151D2E53-A2C4-4D7D-83FE-D05416EBD58E}") = "AbstergoEnvTemplateVM2", "AbstergoEnvTemplateVM2.deployproj", "{2211FF88-F3CC-456F-85B5-4231E46E0373}"
EndProject
Global
	GlobalSection(SolutionConfigurationPlatforms) = preSolution
		Debug|Any CPU = Debug|Any CPU
		Release|Any CPU = Release|Any CPU
	EndGlobalSection
	GlobalSection(ProjectConfigurationPlatforms) = postSolution
		{2211FF88-F3CC-456F-85B5-4231E46E0373}.Debug|Any CPU.ActiveCfg = Debug|Any CPU
		{2211FF88-F3CC-456F-85B5-4231E46E0373}.Debug|Any CPU.Build.0 = Debug|Any CPU
		{2211FF88-F3CC-456F-85B5-4231E46E0373}.Release|Any CPU.ActiveCfg = Release|Any CPU
		{2211FF88-F3CC-456F-85B5-4231E46E0373}.Release|Any CPU.Build.0 = Release|Any CPU
	EndGlobalSection
	GlobalSection(SolutionProperties) = preSolution
		HideSolutionNode = FALSE
	EndGlobalSection
	GlobalSection(ExtensibilityGlobals) = postSolution
		SolutionGuid = {7932113B-C56B-4258-8E92-842051A98A27}
	EndGlobalSection
EndGlobal
