
Microsoft Visual Studio Solution File, Format Version 12.00
# Visual Studio Version 17
VisualStudioVersion = 17.14.36025.13 d17.14
MinimumVisualStudioVersion = 10.0.40219.1
Project("{151D2E53-A2C4-4D7D-83FE-D05416EBD58E}") = "AbstergoVmSqlDeployment", "AbstergoVmSqlDeployment.deployproj", "{2E179B52-E3C9-407F-B485-C6E0DD5B52EC}"
EndProject
Global
	GlobalSection(SolutionConfigurationPlatforms) = preSolution
		Debug|Any CPU = Debug|Any CPU
		Release|Any CPU = Release|Any CPU
	EndGlobalSection
	GlobalSection(ProjectConfigurationPlatforms) = postSolution
		{2E179B52-E3C9-407F-B485-C6E0DD5B52EC}.Debug|Any CPU.ActiveCfg = Debug|Any CPU
		{2E179B52-E3C9-407F-B485-C6E0DD5B52EC}.Debug|Any CPU.Build.0 = Debug|Any CPU
		{2E179B52-E3C9-407F-B485-C6E0DD5B52EC}.Release|Any CPU.ActiveCfg = Release|Any CPU
		{2E179B52-E3C9-407F-B485-C6E0DD5B52EC}.Release|Any CPU.Build.0 = Release|Any CPU
	EndGlobalSection
	GlobalSection(SolutionProperties) = preSolution
		HideSolutionNode = FALSE
	EndGlobalSection
	GlobalSection(ExtensibilityGlobals) = postSolution
		SolutionGuid = {6B82A096-1FEA-4C8D-8BAD-B72DB2B2366F}
	EndGlobalSection
EndGlobal
