
Microsoft Visual Studio Solution File, Format Version 12.00
# Visual Studio Version 17
VisualStudioVersion = 17.14.36025.13 d17.14
MinimumVisualStudioVersion = 10.0.40219.1
Project("{151D2E53-A2C4-4D7D-83FE-D05416EBD58E}") = "AbstergoEnvTemplate1", "AbstergoEnvTemplate1.deployproj", "{09C49CF9-B431-45F9-9F42-86D0F5C2ACC0}"
EndProject
Global
	GlobalSection(SolutionConfigurationPlatforms) = preSolution
		Debug|Any CPU = Debug|Any CPU
		Release|Any CPU = Release|Any CPU
	EndGlobalSection
	GlobalSection(ProjectConfigurationPlatforms) = postSolution
		{09C49CF9-B431-45F9-9F42-86D0F5C2ACC0}.Debug|Any CPU.ActiveCfg = Debug|Any CPU
		{09C49CF9-B431-45F9-9F42-86D0F5C2ACC0}.Debug|Any CPU.Build.0 = Debug|Any CPU
		{09C49CF9-B431-45F9-9F42-86D0F5C2ACC0}.Release|Any CPU.ActiveCfg = Release|Any CPU
		{09C49CF9-B431-45F9-9F42-86D0F5C2ACC0}.Release|Any CPU.Build.0 = Release|Any CPU
	EndGlobalSection
	GlobalSection(SolutionProperties) = preSolution
		HideSolutionNode = FALSE
	EndGlobalSection
	GlobalSection(ExtensibilityGlobals) = postSolution
		SolutionGuid = {EE669A03-AE33-4EC9-8369-1261C4FDF683}
	EndGlobalSection
EndGlobal
